// !$*UTF8*$!
{
	archiveVersion = 1;
	classes = {
	};
	objectVersion = 56;
	objects = {

/* Begin PBXBuildFile section */
		EDB18E4D2980142E00D299C4 /* DetailViewController.swift in Sources */ = {isa = PBXBuildFile; fileRef = EDB18E4C2980142E00D299C4 /* DetailViewController.swift */; };
		EDC9EFF4297D68E4003188C7 /* AppDelegate.swift in Sources */ = {isa = PBXBuildFile; fileRef = EDC9EFF3297D68E4003188C7 /* AppDelegate.swift */; };
		EDC9EFF6297D68E4003188C7 /* SceneDelegate.swift in Sources */ = {isa = PBXBuildFile; fileRef = EDC9EFF5297D68E4003188C7 /* SceneDelegate.swift */; };
		EDC9EFF8297D68E4003188C7 /* ViewController.swift in Sources */ = {isa = PBXBuildFile; fileRef = EDC9EFF7297D68E4003188C7 /* ViewController.swift */; };
		EDC9EFFB297D68E4003188C7 /* Main.storyboard in Resources */ = {isa = PBXBuildFile; fileRef = EDC9EFF9297D68E4003188C7 /* Main.storyboard */; };
		EDC9EFFD297D68E5003188C7 /* Assets.xcassets in Resources */ = {isa = PBXBuildFile; fileRef = EDC9EFFC297D68E5003188C7 /* Assets.xcassets */; };
		EDC9F000297D68E5003188C7 /* LaunchScreen.storyboard in Resources */ = {isa = PBXBuildFile; fileRef = EDC9EFFE297D68E5003188C7 /* LaunchScreen.storyboard */; };
		EDC9F012297D6907003188C7 /* nssl0049.jpg in Resources */ = {isa = PBXBuildFile; fileRef = EDC9F008297D6907003188C7 /* nssl0049.jpg */; };
		EDC9F013297D6907003188C7 /* nssl0046.jpg in Resources */ = {isa = PBXBuildFile; fileRef = EDC9F009297D6907003188C7 /* nssl0046.jpg */; };
		EDC9F014297D6907003188C7 /* nssl0091.jpg in Resources */ = {isa = PBXBuildFile; fileRef = EDC9F00A297D6907003188C7 /* nssl0091.jpg */; };
		EDC9F015297D6907003188C7 /* nssl0045.jpg in Resources */ = {isa = PBXBuildFile; fileRef = EDC9F00B297D6907003188C7 /* nssl0045.jpg */; };
		EDC9F016297D6907003188C7 /* nssl0051.jpg in Resources */ = {isa = PBXBuildFile; fileRef = EDC9F00C297D6907003188C7 /* nssl0051.jpg */; };
		EDC9F017297D6907003188C7 /* nssl0041.jpg in Resources */ = {isa = PBXBuildFile; fileRef = EDC9F00D297D6907003188C7 /* nssl0041.jpg */; };
		EDC9F018297D6907003188C7 /* nssl0042.jpg in Resources */ = {isa = PBXBuildFile; fileRef = EDC9F00E297D6907003188C7 /* nssl0042.jpg */; };
		EDC9F019297D6907003188C7 /* nssl0043.jpg in Resources */ = {isa = PBXBuildFile; fileRef = EDC9F00F297D6907003188C7 /* nssl0043.jpg */; };
		EDC9F01A297D6907003188C7 /* nssl0033.jpg in Resources */ = {isa = PBXBuildFile; fileRef = EDC9F010297D6907003188C7 /* nssl0033.jpg */; };
		EDC9F01B297D6907003188C7 /* nssl0034.jpg in Resources */ = {isa = PBXBuildFile; fileRef = EDC9F011297D6907003188C7 /* nssl0034.jpg */; };
/* End PBXBuildFile section */

/* Begin PBXFileReference section */
		EDB18E4C2980142E00D299C4 /* DetailViewController.swift */ = {isa = PBXFileReference; lastKnownFileType = sourcecode.swift; path = DetailViewController.swift; sourceTree = "<group>"; };
		EDC9EFF0297D68E4003188C7 /* Storm Viewer.app */ = {isa = PBXFileReference; explicitFileType = wrapper.application; includeInIndex = 0; path = "Storm Viewer.app"; sourceTree = BUILT_PRODUCTS_DIR; };
		EDC9EFF3297D68E4003188C7 /* AppDelegate.swift */ = {isa = PBXFileReference; lastKnownFileType = sourcecode.swift; path = AppDelegate.swift; sourceTree = "<group>"; };
		EDC9EFF5297D68E4003188C7 /* SceneDelegate.swift */ = {isa = PBXFileReference; lastKnownFileType = sourcecode.swift; path = SceneDelegate.swift; sourceTree = "<group>"; };
		EDC9EFF7297D68E4003188C7 /* ViewController.swift */ = {isa = PBXFileReference; lastKnownFileType = sourcecode.swift; path = ViewController.swift; sourceTree = "<group>"; };
		EDC9EFFA297D68E4003188C7 /* Base */ = {isa = PBXFileReference; lastKnownFileType = file.storyboard; name = Base; path = Base.lproj/Main.storyboard; sourceTree = "<group>"; };
		EDC9EFFC297D68E5003188C7 /* Assets.xcassets */ = {isa = PBXFileReference; lastKnownFileType = folder.assetcatalog; path = Assets.xcassets; sourceTree = "<group>"; };
		EDC9EFFF297D68E5003188C7 /* Base */ = {isa = PBXFileReference; lastKnownFileType = file.storyboard; name = Base; path = Base.lproj/LaunchScreen.storyboard; sourceTree = "<group>"; };
		EDC9F001297D68E5003188C7 /* Info.plist */ = {isa = PBXFileReference; lastKnownFileType = text.plist.xml; path = Info.plist; sourceTree = "<group>"; };
		EDC9F008297D6907003188C7 /* nssl0049.jpg */ = {isa = PBXFileReference; lastKnownFileType = image.jpeg; path = nssl0049.jpg; sourceTree = "<group>"; };
		EDC9F009297D6907003188C7 /* nssl0046.jpg */ = {isa = PBXFileReference; lastKnownFileType = image.jpeg; path = nssl0046.jpg; sourceTree = "<group>"; };
		EDC9F00A297D6907003188C7 /* nssl0091.jpg */ = {isa = PBXFileReference; lastKnownFileType = image.jpeg; path = nssl0091.jpg; sourceTree = "<group>"; };
		EDC9F00B297D6907003188C7 /* nssl0045.jpg */ = {isa = PBXFileReference; lastKnownFileType = image.jpeg; path = nssl0045.jpg; sourceTree = "<group>"; };
		EDC9F00C297D6907003188C7 /* nssl0051.jpg */ = {isa = PBXFileReference; lastKnownFileType = image.jpeg; path = nssl0051.jpg; sourceTree = "<group>"; };
		EDC9F00D297D6907003188C7 /* nssl0041.jpg */ = {isa = PBXFileReference; lastKnownFileType = image.jpeg; path = nssl0041.jpg; sourceTree = "<group>"; };
		EDC9F00E297D6907003188C7 /* nssl0042.jpg */ = {isa = PBXFileReference; lastKnownFileType = image.jpeg; path = nssl0042.jpg; sourceTree = "<group>"; };
		EDC9F00F297D6907003188C7 /* nssl0043.jpg */ = {isa = PBXFileReference; lastKnownFileType = image.jpeg; path = nssl0043.jpg; sourceTree = "<group>"; };
		EDC9F010297D6907003188C7 /* nssl0033.jpg */ = {isa = PBXFileReference; lastKnownFileType = image.jpeg; path = nssl0033.jpg; sourceTree = "<group>"; };
		EDC9F011297D6907003188C7 /* nssl0034.jpg */ = {isa = PBXFileReference; lastKnownFileType = image.jpeg; path = nssl0034.jpg; sourceTree = "<group>"; };
/* End PBXFileReference section */

/* Begin PBXFrameworksBuildPhase section */
		EDC9EFED297D68E4003188C7 /* Frameworks */ = {
			isa = PBXFrameworksBuildPhase;
			buildActionMask = 2147483647;
			files = (
			);
			runOnlyForDeploymentPostprocessing = 0;
		};
/* End PBXFrameworksBuildPhase section */

/* Begin PBXGroup section */
		EDC9EFE7297D68E4003188C7 = {
			isa = PBXGroup;
			children = (
				EDC9EFF2297D68E4003188C7 /* Storm Viewer */,
				EDC9EFF1297D68E4003188C7 /* Products */,
			);
			sourceTree = "<group>";
		};
		EDC9EFF1297D68E4003188C7 /* Products */ = {
			isa = PBXGroup;
			children = (
				EDC9EFF0297D68E4003188C7 /* Storm Viewer.app */,
			);
			name = Products;
			sourceTree = "<group>";
		};
		EDC9EFF2297D68E4003188C7 /* Storm Viewer */ = {
			isa = PBXGroup;
			children = (
				EDC9EFF3297D68E4003188C7 /* AppDelegate.swift */,
				EDC9EFF5297D68E4003188C7 /* SceneDelegate.swift */,
				EDC9EFF7297D68E4003188C7 /* ViewController.swift */,
				EDB18E4C2980142E00D299C4 /* DetailViewController.swift */,
				EDC9EFF9297D68E4003188C7 /* Main.storyboard */,
				EDC9EFFC297D68E5003188C7 /* Assets.xcassets */,
				EDC9EFFE297D68E5003188C7 /* LaunchScreen.storyboard */,
				EDC9F001297D68E5003188C7 /* Info.plist */,
				EDC9F007297D6907003188C7 /* Content */,
			);
			path = "Storm Viewer";
			sourceTree = "<group>";
		};
		EDC9F007297D6907003188C7 /* Content */ = {
			isa = PBXGroup;
			children = (
				EDC9F008297D6907003188C7 /* nssl0049.jpg */,
				EDC9F009297D6907003188C7 /* nssl0046.jpg */,
				EDC9F00A297D6907003188C7 /* nssl0091.jpg */,
				EDC9F00B297D6907003188C7 /* nssl0045.jpg */,
				EDC9F00C297D6907003188C7 /* nssl0051.jpg */,
				EDC9F00D297D6907003188C7 /* nssl0041.jpg */,
				EDC9F00E297D6907003188C7 /* nssl0042.jpg */,
				EDC9F00F297D6907003188C7 /* nssl0043.jpg */,
				EDC9F010297D6907003188C7 /* nssl0033.jpg */,
				EDC9F011297D6907003188C7 /* nssl0034.jpg */,
			);
			path = Content;
			sourceTree = "<group>";
		};
/* End PBXGroup section */

/* Begin PBXNativeTarget section */
		EDC9EFEF297D68E4003188C7 /* Storm Viewer */ = {
			isa = PBXNativeTarget;
			buildConfigurationList = EDC9F004297D68E5003188C7 /* Build configuration list for PBXNativeTarget "Storm Viewer" */;
			buildPhases = (
				EDC9EFEC297D68E4003188C7 /* Sources */,
				EDC9EFED297D68E4003188C7 /* Frameworks */,
				EDC9EFEE297D68E4003188C7 /* Resources */,
			);
			buildRules = (
			);
			dependencies = (
			);
			name = "Storm Viewer";
			productName = "Storm Viewer";
			productReference = EDC9EFF0297D68E4003188C7 /* Storm Viewer.app */;
			productType = "com.apple.product-type.application";
		};
/* End PBXNativeTarget section */

/* Begin PBXProject section */
		EDC9EFE8297D68E4003188C7 /* Project object */ = {
			isa = PBXProject;
			attributes = {
				BuildIndependentTargetsInParallel = 1;
				LastSwiftUpdateCheck = 1420;
				LastUpgradeCheck = 1420;
				TargetAttributes = {
					EDC9EFEF297D68E4003188C7 = {
						CreatedOnToolsVersion = 14.2;
					};
				};
			};
			buildConfigurationList = EDC9EFEB297D68E4003188C7 /* Build configuration list for PBXProject "Storm Viewer" */;
			compatibilityVersion = "Xcode 14.0";
			developmentRegion = en;
			hasScannedForEncodings = 0;
			knownRegions = (
				en,
				Base,
			);
			mainGroup = EDC9EFE7297D68E4003188C7;
			productRefGroup = EDC9EFF1297D68E4003188C7 /* Products */;
			projectDirPath = "";
			projectRoot = "";
			targets = (
				EDC9EFEF297D68E4003188C7 /* Storm Viewer */,
			);
		};
/* End PBXProject section */

/* Begin PBXResourcesBuildPhase section */
		EDC9EFEE297D68E4003188C7 /* Resources */ = {
			isa = PBXResourcesBuildPhase;
			buildActionMask = 2147483647;
			files = (
				EDC9F013297D6907003188C7 /* nssl0046.jpg in Resources */,
				EDC9F01A297D6907003188C7 /* nssl0033.jpg in Resources */,
				EDC9F016297D6907003188C7 /* nssl0051.jpg in Resources */,
				EDC9F014297D6907003188C7 /* nssl0091.jpg in Resources */,
				EDC9F019297D6907003188C7 /* nssl0043.jpg in Resources */,
				EDC9F01B297D6907003188C7 /* nssl0034.jpg in Resources */,
				EDC9F012297D6907003188C7 /* nssl0049.jpg in Resources */,
				EDC9F017297D6907003188C7 /* nssl0041.jpg in Resources */,
				EDC9F018297D6907003188C7 /* nssl0042.jpg in Resources */,
				EDC9F000297D68E5003188C7 /* LaunchScreen.storyboard in Resources */,
				EDC9EFFD297D68E5003188C7 /* Assets.xcassets in Resources */,
				EDC9F015297D6907003188C7 /* nssl0045.jpg in Resources */,
				EDC9EFFB297D68E4003188C7 /* Main.storyboard in Resources */,
			);
			runOnlyForDeploymentPostprocessing = 0;
		};
/* End PBXResourcesBuildPhase section */

/* Begin PBXSourcesBuildPhase section */
		EDC9EFEC297D68E4003188C7 /* Sources */ = {
			isa = PBXSourcesBuildPhase;
			buildActionMask = 2147483647;
			files = (
				EDC9EFF8297D68E4003188C7 /* ViewController.swift in Sources */,
				EDC9EFF4297D68E4003188C7 /* AppDelegate.swift in Sources */,
				EDC9EFF6297D68E4003188C7 /* SceneDelegate.swift in Sources */,
				EDB18E4D2980142E00D299C4 /* DetailViewController.swift in Sources */,
			);
			runOnlyForDeploymentPostprocessing = 0;
		};
/* End PBXSourcesBuildPhase section */

/* Begin PBXVariantGroup section */
		EDC9EFF9297D68E4003188C7 /* Main.storyboard */ = {
			isa = PBXVariantGroup;
			children = (
				EDC9EFFA297D68E4003188C7 /* Base */,
			);
			name = Main.storyboard;
			sourceTree = "<group>";
		};
		EDC9EFFE297D68E5003188C7 /* LaunchScreen.storyboard */ = {
			isa = PBXVariantGroup;
			children = (
				EDC9EFFF297D68E5003188C7 /* Base */,
			);
			name = LaunchScreen.storyboard;
			sourceTree = "<group>";
		};
/* End PBXVariantGroup section */

/* Begin XCBuildConfiguration section */
		EDC9F002297D68E5003188C7 /* Debug */ = {
			isa = XCBuildConfiguration;
			buildSettings = {
				ALWAYS_SEARCH_USER_PATHS = NO;
				CLANG_ANALYZER_NONNULL = YES;
				CLANG_ANALYZER_NUMBER_OBJECT_CONVERSION = YES_AGGRESSIVE;
				CLANG_CXX_LANGUAGE_STANDARD = "gnu++20";
				CLANG_ENABLE_MODULES = YES;
				CLANG_ENABLE_OBJC_ARC = YES;
				CLANG_ENABLE_OBJC_WEAK = YES;
				CLANG_WARN_BLOCK_CAPTURE_AUTORELEASING = YES;
				CLANG_WARN_BOOL_CONVERSION = YES;
				CLANG_WARN_COMMA = YES;
				CLANG_WARN_CONSTANT_CONVERSION = YES;
				CLANG_WARN_DEPRECATED_OBJC_IMPLEMENTATIONS = YES;
				CLANG_WARN_DIRECT_OBJC_ISA_USAGE = YES_ERROR;
				CLANG_WARN_DOCUMENTATION_COMMENTS = YES;
				CLANG_WARN_EMPTY_BODY = YES;
				CLANG_WARN_ENUM_CONVERSION = YES;
				CLANG_WARN_INFINITE_RECURSION = YES;
				CLANG_WARN_INT_CONVERSION = YES;
				CLANG_WARN_NON_LITERAL_NULL_CONVERSION = YES;
				CLANG_WARN_OBJC_IMPLICIT_RETAIN_SELF = YES;
				CLANG_WARN_OBJC_LITERAL_CONVERSION = YES;
				CLANG_WARN_OBJC_ROOT_CLASS = YES_ERROR;
				CLANG_WARN_QUOTED_INCLUDE_IN_FRAMEWORK_HEADER = YES;
				CLANG_WARN_RANGE_LOOP_ANALYSIS = YES;
				CLANG_WARN_STRICT_PROTOTYPES = YES;
				CLANG_WARN_SUSPICIOUS_MOVE = YES;
				CLANG_WARN_UNGUARDED_AVAILABILITY = YES_AGGRESSIVE;
				CLANG_WARN_UNREACHABLE_CODE = YES;
				CLANG_WARN__DUPLICATE_METHOD_MATCH = YES;
				COPY_PHASE_STRIP = NO;
				DEBUG_INFORMATION_FORMAT = dwarf;
				ENABLE_STRICT_OBJC_MSGSEND = YES;
				ENABLE_TESTABILITY = YES;
				GCC_C_LANGUAGE_STANDARD = gnu11;
				GCC_DYNAMIC_NO_PIC = NO;
				GCC_NO_COMMON_BLOCKS = YES;
				GCC_OPTIMIZATION_LEVEL = 0;
				GCC_PREPROCESSOR_DEFINITIONS = (
					"DEBUG=1",
					"$(inherited)",
				);
				GCC_WARN_64_TO_32_BIT_CONVERSION = YES;
				GCC_WARN_ABOUT_RETURN_TYPE = YES_ERROR;
				GCC_WARN_UNDECLARED_SELECTOR = YES;
				GCC_WARN_UNINITIALIZED_AUTOS = YES_AGGRESSIVE;
				GCC_WARN_UNUSED_FUNCTION = YES;
				GCC_WARN_UNUSED_VARIABLE = YES;
				IPHONEOS_DEPLOYMENT_TARGET = 16.2;
				MTL_ENABLE_DEBUG_INFO = INCLUDE_SOURCE;
				MTL_FAST_MATH = YES;
				ONLY_ACTIVE_ARCH = YES;
				SDKROOT = iphoneos;
				SWIFT_ACTIVE_COMPILATION_CONDITIONS = DEBUG;
				SWIFT_OPTIMIZATION_LEVEL = "-Onone";
			};
			name = Debug;
		};
		EDC9F003297D68E5003188C7 /* Release */ = {
			isa = XCBuildConfiguration;
			buildSettings = {
				ALWAYS_SEARCH_USER_PATHS = NO;
				CLANG_ANALYZER_NONNULL = YES;
				CLANG_ANALYZER_NUMBER_OBJECT_CONVERSION = YES_AGGRESSIVE;
				CLANG_CXX_LANGUAGE_STANDARD = "gnu++20";
				CLANG_ENABLE_MODULES = YES;
				CLANG_ENABLE_OBJC_ARC = YES;
				CLANG_ENABLE_OBJC_WEAK = YES;
				CLANG_WARN_BLOCK_CAPTURE_AUTORELEASING = YES;
				CLANG_WARN_BOOL_CONVERSION = YES;
				CLANG_WARN_COMMA = YES;
				CLANG_WARN_CONSTANT_CONVERSION = YES;
				CLANG_WARN_DEPRECATED_OBJC_IMPLEMENTATIONS = YES;
				CLANG_WARN_DIRECT_OBJC_ISA_USAGE = YES_ERROR;
				CLANG_WARN_DOCUMENTATION_COMMENTS = YES;
				CLANG_WARN_EMPTY_BODY = YES;
				CLANG_WARN_ENUM_CONVERSION = YES;
				CLANG_WARN_INFINITE_RECURSION = YES;
				CLANG_WARN_INT_CONVERSION = YES;
				CLANG_WARN_NON_LITERAL_NULL_CONVERSION = YES;
				CLANG_WARN_OBJC_IMPLICIT_RETAIN_SELF = YES;
				CLANG_WARN_OBJC_LITERAL_CONVERSION = YES;
				CLANG_WARN_OBJC_ROOT_CLASS = YES_ERROR;
				CLANG_WARN_QUOTED_INCLUDE_IN_FRAMEWORK_HEADER = YES;
				CLANG_WARN_RANGE_LOOP_ANALYSIS = YES;
				CLANG_WARN_STRICT_PROTOTYPES = YES;
				CLANG_WARN_SUSPICIOUS_MOVE = YES;
				CLANG_WARN_UNGUARDED_AVAILABILITY = YES_AGGRESSIVE;
				CLANG_WARN_UNREACHABLE_CODE = YES;
				CLANG_WARN__DUPLICATE_METHOD_MATCH = YES;
				COPY_PHASE_STRIP = NO;
				DEBUG_INFORMATION_FORMAT = "dwarf-with-dsym";
				ENABLE_NS_ASSERTIONS = NO;
				ENABLE_STRICT_OBJC_MSGSEND = YES;
				GCC_C_LANGUAGE_STANDARD = gnu11;
				GCC_NO_COMMON_BLOCKS = YES;
				GCC_WARN_64_TO_32_BIT_CONVERSION = YES;
				GCC_WARN_ABOUT_RETURN_TYPE = YES_ERROR;
				GCC_WARN_UNDECLARED_SELECTOR = YES;
				GCC_WARN_UNINITIALIZED_AUTOS = YES_AGGRESSIVE;
				GCC_WARN_UNUSED_FUNCTION = YES;
				GCC_WARN_UNUSED_VARIABLE = YES;
				IPHONEOS_DEPLOYMENT_TARGET = 16.2;
				MTL_ENABLE_DEBUG_INFO = NO;
				MTL_FAST_MATH = YES;
				SDKROOT = iphoneos;
				SWIFT_COMPILATION_MODE = wholemodule;
				SWIFT_OPTIMIZATION_LEVEL = "-O";
				VALIDATE_PRODUCT = YES;
			};
			name = Release;
		};
		EDC9F005297D68E5003188C7 /* Debug */ = {
			isa = XCBuildConfiguration;
			buildSettings = {
				ASSETCATALOG_COMPILER_APPICON_NAME = AppIcon;
				ASSETCATALOG_COMPILER_GLOBAL_ACCENT_COLOR_NAME = AccentColor;
				CODE_SIGN_STYLE = Automatic;
				CURRENT_PROJECT_VERSION = 1;
				GENERATE_INFOPLIST_FILE = YES;
				INFOPLIST_FILE = "Storm Viewer/Info.plist";
				INFOPLIST_KEY_UIApplicationSupportsIndirectInputEvents = YES;
				INFOPLIST_KEY_UILaunchStoryboardName = LaunchScreen;
				INFOPLIST_KEY_UIMainStoryboardFile = Main;
				INFOPLIST_KEY_UISupportedInterfaceOrientations_iPad = "UIInterfaceOrientationPortrait UIInterfaceOrientationPortraitUpsideDown UIInterfaceOrientationLandscapeLeft UIInterfaceOrientationLandscapeRight";
				INFOPLIST_KEY_UISupportedInterfaceOrientations_iPhone = "UIInterfaceOrientationPortrait UIInterfaceOrientationLandscapeLeft UIInterfaceOrientationLandscapeRight";
				LD_RUNPATH_SEARCH_PATHS = (
					"$(inherited)",
					"@executable_path/Frameworks",
				);
				MARKETING_VERSION = 1.0;
				PRODUCT_BUNDLE_IDENTIFIER = "Mwana-Kin-Development.Storm-Viewer";
				PRODUCT_NAME = "$(TARGET_NAME)";
				SWIFT_EMIT_LOC_STRINGS = YES;
				SWIFT_VERSION = 5.0;
				TARGETED_DEVICE_FAMILY = "1,2";
			};
			name = Debug;
		};
		EDC9F006297D68E5003188C7 /* Release */ = {
			isa = XCBuildConfiguration;
			buildSettings = {
				ASSETCATALOG_COMPILER_APPICON_NAME = AppIcon;
				ASSETCATALOG_COMPILER_GLOBAL_ACCENT_COLOR_NAME = AccentColor;
				CODE_SIGN_STYLE = Automatic;
				CURRENT_PROJECT_VERSION = 1;
				GENERATE_INFOPLIST_FILE = YES;
				INFOPLIST_FILE = "Storm Viewer/Info.plist";
				INFOPLIST_KEY_UIApplicationSupportsIndirectInputEvents = YES;
				INFOPLIST_KEY_UILaunchStoryboardName = LaunchScreen;
				INFOPLIST_KEY_UIMainStoryboardFile = Main;
				INFOPLIST_KEY_UISupportedInterfaceOrientations_iPad = "UIInterfaceOrientationPortrait UIInterfaceOrientationPortraitUpsideDown UIInterfaceOrientationLandscapeLeft UIInterfaceOrientationLandscapeRight";
				INFOPLIST_KEY_UISupportedInterfaceOrientations_iPhone = "UIInterfaceOrientationPortrait UIInterfaceOrientationLandscapeLeft UIInterfaceOrientationLandscapeRight";
				LD_RUNPATH_SEARCH_PATHS = (
					"$(inherited)",
					"@executable_path/Frameworks",
				);
				MARKETING_VERSION = 1.0;
				PRODUCT_BUNDLE_IDENTIFIER = "Mwana-Kin-Development.Storm-Viewer";
				PRODUCT_NAME = "$(TARGET_NAME)";
				SWIFT_EMIT_LOC_STRINGS = YES;
				SWIFT_VERSION = 5.0;
				TARGETED_DEVICE_FAMILY = "1,2";
			};
			name = Release;
		};
/* End XCBuildConfiguration section */

/* Begin XCConfigurationList section */
		EDC9EFEB297D68E4003188C7 /* Build configuration list for PBXProject "Storm Viewer" */ = {
			isa = XCConfigurationList;
			buildConfigurations = (
				EDC9F002297D68E5003188C7 /* Debug */,
				EDC9F003297D68E5003188C7 /* Release */,
			);
			defaultConfigurationIsVisible = 0;
			defaultConfigurationName = Release;
		};
		EDC9F004297D68E5003188C7 /* Build configuration list for PBXNativeTarget "Storm Viewer" */ = {
			isa = XCConfigurationList;
			buildConfigurations = (
				EDC9F005297D68E5003188C7 /* Debug */,
				EDC9F006297D68E5003188C7 /* Release */,
			);
			defaultConfigurationIsVisible = 0;
			defaultConfigurationName = Release;
		};
/* End XCConfigurationList section */
	};
	rootObject = EDC9EFE8297D68E4003188C7 /* Project object */;
}
